
Microsoft Visual Studio Solution File, Format Version 12.00
# Visual Studio Version 16
VisualStudioVersion = 16.0.30114.105
MinimumVisualStudioVersion = 10.0.40219.1
Project("{2150E333-8FDC-42A3-9474-1A3956D46DE8}") = "src", "src", "{202F91E7-F9BE-453C-922E-CE05512ACE49}"
EndProject
Project("{F2A71F9B-5D33-465A-A702-920D77279786}") = "Client", "src\Client\Client.fsproj", "{49B03F48-5B8E-4B85-9D9E-7E0916F8ECB4}"
EndProject
Global
	GlobalSection(SolutionConfigurationPlatforms) = preSolution
		Debug|Any CPU = Debug|Any CPU
		Release|Any CPU = Release|Any CPU
	EndGlobalSection
	GlobalSection(SolutionProperties) = preSolution
		HideSolutionNode = FALSE
	EndGlobalSection
	GlobalSection(ProjectConfigurationPlatforms) = postSolution
		{49B03F48-5B8E-4B85-9D9E-7E0916F8ECB4}.Debug|Any CPU.ActiveCfg = Debug|Any CPU
		{49B03F48-5B8E-4B85-9D9E-7E0916F8ECB4}.Debug|Any CPU.Build.0 = Debug|Any CPU
		{49B03F48-5B8E-4B85-9D9E-7E0916F8ECB4}.Release|Any CPU.ActiveCfg = Release|Any CPU
		{49B03F48-5B8E-4B85-9D9E-7E0916F8ECB4}.Release|Any CPU.Build.0 = Release|Any CPU
	EndGlobalSection
	GlobalSection(NestedProjects) = preSolution
		{49B03F48-5B8E-4B85-9D9E-7E0916F8ECB4} = {202F91E7-F9BE-453C-922E-CE05512ACE49}
	EndGlobalSection
EndGlobal
